// !$*UTF8*$!
{
	archiveVersion = 1;
	classes = {
	};
	objectVersion = 56;
	objects = {

/* Begin PBXBuildFile section */
		40C29AF028EE725800820505 /* FadingScrollerDemoApp.swift in Sources */ = {isa = PBXBuildFile; fileRef = 40C29AEF28EE725800820505 /* FadingScrollerDemoApp.swift */; };
		40C29AF228EE725800820505 /* ContentView.swift in Sources */ = {isa = PBXBuildFile; fileRef = 40C29AF128EE725800820505 /* ContentView.swift */; };
		40C29AF428EE725900820505 /* Assets.xcassets in Resources */ = {isa = PBXBuildFile; fileRef = 40C29AF328EE725900820505 /* Assets.xcassets */; };
		40C29AF728EE725900820505 /* Preview Assets.xcassets in Resources */ = {isa = PBXBuildFile; fileRef = 40C29AF628EE725900820505 /* Preview Assets.xcassets */; };
		40C29B0128EE725900820505 /* FadingScrollerDemoTests.swift in Sources */ = {isa = PBXBuildFile; fileRef = 40C29B0028EE725900820505 /* FadingScrollerDemoTests.swift */; };
		40C29B0B28EE725900820505 /* FadingScrollerDemoUITests.swift in Sources */ = {isa = PBXBuildFile; fileRef = 40C29B0A28EE725900820505 /* FadingScrollerDemoUITests.swift */; };
		40C29B0D28EE725900820505 /* FadingScrollerDemoUITestsLaunchTests.swift in Sources */ = {isa = PBXBuildFile; fileRef = 40C29B0C28EE725900820505 /* FadingScrollerDemoUITestsLaunchTests.swift */; };
/* End PBXBuildFile section */

/* Begin PBXContainerItemProxy section */
		40C29AFD28EE725900820505 /* PBXContainerItemProxy */ = {
			isa = PBXContainerItemProxy;
			containerPortal = 40C29AE428EE725800820505 /* Project object */;
			proxyType = 1;
			remoteGlobalIDString = 40C29AEB28EE725800820505;
			remoteInfo = FadingScrollerDemo;
		};
		40C29B0728EE725900820505 /* PBXContainerItemProxy */ = {
			isa = PBXContainerItemProxy;
			containerPortal = 40C29AE428EE725800820505 /* Project object */;
			proxyType = 1;
			remoteGlobalIDString = 40C29AEB28EE725800820505;
			remoteInfo = FadingScrollerDemo;
		};
/* End PBXContainerItemProxy section */

/* Begin PBXFileReference section */
		40C29AEC28EE725800820505 /* FadingScrollerDemo.app */ = {isa = PBXFileReference; explicitFileType = wrapper.application; includeInIndex = 0; path = FadingScrollerDemo.app; sourceTree = BUILT_PRODUCTS_DIR; };
		40C29AEF28EE725800820505 /* FadingScrollerDemoApp.swift */ = {isa = PBXFileReference; lastKnownFileType = sourcecode.swift; path = FadingScrollerDemoApp.swift; sourceTree = "<group>"; };
		40C29AF128EE725800820505 /* ContentView.swift */ = {isa = PBXFileReference; lastKnownFileType = sourcecode.swift; path = ContentView.swift; sourceTree = "<group>"; };
		40C29AF328EE725900820505 /* Assets.xcassets */ = {isa = PBXFileReference; lastKnownFileType = folder.assetcatalog; path = Assets.xcassets; sourceTree = "<group>"; };
		40C29AF628EE725900820505 /* Preview Assets.xcassets */ = {isa = PBXFileReference; lastKnownFileType = folder.assetcatalog; path = "Preview Assets.xcassets"; sourceTree = "<group>"; };
		40C29AFC28EE725900820505 /* FadingScrollerDemoTests.xctest */ = {isa = PBXFileReference; explicitFileType = wrapper.cfbundle; includeInIndex = 0; path = FadingScrollerDemoTests.xctest; sourceTree = BUILT_PRODUCTS_DIR; };
		40C29B0028EE725900820505 /* FadingScrollerDemoTests.swift */ = {isa = PBXFileReference; lastKnownFileType = sourcecode.swift; path = FadingScrollerDemoTests.swift; sourceTree = "<group>"; };
		40C29B0628EE725900820505 /* FadingScrollerDemoUITests.xctest */ = {isa = PBXFileReference; explicitFileType = wrapper.cfbundle; includeInIndex = 0; path = FadingScrollerDemoUITests.xctest; sourceTree = BUILT_PRODUCTS_DIR; };
		40C29B0A28EE725900820505 /* FadingScrollerDemoUITests.swift */ = {isa = PBXFileReference; lastKnownFileType = sourcecode.swift; path = FadingScrollerDemoUITests.swift; sourceTree = "<group>"; };
		40C29B0C28EE725900820505 /* FadingScrollerDemoUITestsLaunchTests.swift */ = {isa = PBXFileReference; lastKnownFileType = sourcecode.swift; path = FadingScrollerDemoUITestsLaunchTests.swift; sourceTree = "<group>"; };
/* End PBXFileReference section */

/* Begin PBXFrameworksBuildPhase section */
		40C29AE928EE725800820505 /* Frameworks */ = {
			isa = PBXFrameworksBuildPhase;
			buildActionMask = 2147483647;
			files = (
			);
			runOnlyForDeploymentPostprocessing = 0;
		};
		40C29AF928EE725900820505 /* Frameworks */ = {
			isa = PBXFrameworksBuildPhase;
			buildActionMask = 2147483647;
			files = (
			);
			runOnlyForDeploymentPostprocessing = 0;
		};
		40C29B0328EE725900820505 /* Frameworks */ = {
			isa = PBXFrameworksBuildPhase;
			buildActionMask = 2147483647;
			files = (
			);
			runOnlyForDeploymentPostprocessing = 0;
		};
/* End PBXFrameworksBuildPhase section */

/* Begin PBXGroup section */
		40C29AE328EE725800820505 = {
			isa = PBXGroup;
			children = (
				40C29AEE28EE725800820505 /* FadingScrollerDemo */,
				40C29AFF28EE725900820505 /* FadingScrollerDemoTests */,
				40C29B0928EE725900820505 /* FadingScrollerDemoUITests */,
				40C29AED28EE725800820505 /* Products */,
			);
			sourceTree = "<group>";
		};
		40C29AED28EE725800820505 /* Products */ = {
			isa = PBXGroup;
			children = (
				40C29AEC28EE725800820505 /* FadingScrollerDemo.app */,
				40C29AFC28EE725900820505 /* FadingScrollerDemoTests.xctest */,
				40C29B0628EE725900820505 /* FadingScrollerDemoUITests.xctest */,
			);
			name = Products;
			sourceTree = "<group>";
		};
		40C29AEE28EE725800820505 /* FadingScrollerDemo */ = {
			isa = PBXGroup;
			children = (
				40C29AEF28EE725800820505 /* FadingScrollerDemoApp.swift */,
				40C29AF128EE725800820505 /* ContentView.swift */,
				40C29AF328EE725900820505 /* Assets.xcassets */,
				40C29AF528EE725900820505 /* Preview Content */,
			);
			path = FadingScrollerDemo;
			sourceTree = "<group>";
		};
		40C29AF528EE725900820505 /* Preview Content */ = {
			isa = PBXGroup;
			children = (
				40C29AF628EE725900820505 /* Preview Assets.xcassets */,
			);
			path = "Preview Content";
			sourceTree = "<group>";
		};
		40C29AFF28EE725900820505 /* FadingScrollerDemoTests */ = {
			isa = PBXGroup;
			children = (
				40C29B0028EE725900820505 /* FadingScrollerDemoTests.swift */,
			);
			path = FadingScrollerDemoTests;
			sourceTree = "<group>";
		};
		40C29B0928EE725900820505 /* FadingScrollerDemoUITests */ = {
			isa = PBXGroup;
			children = (
				40C29B0A28EE725900820505 /* FadingScrollerDemoUITests.swift */,
				40C29B0C28EE725900820505 /* FadingScrollerDemoUITestsLaunchTests.swift */,
			);
			path = FadingScrollerDemoUITests;
			sourceTree = "<group>";
		};
/* End PBXGroup section */

/* Begin PBXNativeTarget section */
		40C29AEB28EE725800820505 /* FadingScrollerDemo */ = {
			isa = PBXNativeTarget;
			buildConfigurationList = 40C29B1028EE725900820505 /* Build configuration list for PBXNativeTarget "FadingScrollerDemo" */;
			buildPhases = (
				40C29AE828EE725800820505 /* Sources */,
				40C29AE928EE725800820505 /* Frameworks */,
				40C29AEA28EE725800820505 /* Resources */,
			);
			buildRules = (
			);
			dependencies = (
			);
			name = FadingScrollerDemo;
			productName = FadingScrollerDemo;
			productReference = 40C29AEC28EE725800820505 /* FadingScrollerDemo.app */;
			productType = "com.apple.product-type.application";
		};
		40C29AFB28EE725900820505 /* FadingScrollerDemoTests */ = {
			isa = PBXNativeTarget;
			buildConfigurationList = 40C29B1328EE725900820505 /* Build configuration list for PBXNativeTarget "FadingScrollerDemoTests" */;
			buildPhases = (
				40C29AF828EE725900820505 /* Sources */,
				40C29AF928EE725900820505 /* Frameworks */,
				40C29AFA28EE725900820505 /* Resources */,
			);
			buildRules = (
			);
			dependencies = (
				40C29AFE28EE725900820505 /* PBXTargetDependency */,
			);
			name = FadingScrollerDemoTests;
			productName = FadingScrollerDemoTests;
			productReference = 40C29AFC28EE725900820505 /* FadingScrollerDemoTests.xctest */;
			productType = "com.apple.product-type.bundle.unit-test";
		};
		40C29B0528EE725900820505 /* FadingScrollerDemoUITests */ = {
			isa = PBXNativeTarget;
			buildConfigurationList = 40C29B1628EE725900820505 /* Build configuration list for PBXNativeTarget "FadingScrollerDemoUITests" */;
			buildPhases = (
				40C29B0228EE725900820505 /* Sources */,
				40C29B0328EE725900820505 /* Frameworks */,
				40C29B0428EE725900820505 /* Resources */,
			);
			buildRules = (
			);
			dependencies = (
				40C29B0828EE725900820505 /* PBXTargetDependency */,
			);
			name = FadingScrollerDemoUITests;
			productName = FadingScrollerDemoUITests;
			productReference = 40C29B0628EE725900820505 /* FadingScrollerDemoUITests.xctest */;
			productType = "com.apple.product-type.bundle.ui-testing";
		};
/* End PBXNativeTarget section */

/* Begin PBXProject section */
		40C29AE428EE725800820505 /* Project object */ = {
			isa = PBXProject;
			attributes = {
				BuildIndependentTargetsInParallel = 1;
				LastSwiftUpdateCheck = 1410;
				LastUpgradeCheck = 1410;
				TargetAttributes = {
					40C29AEB28EE725800820505 = {
						CreatedOnToolsVersion = 14.1;
					};
					40C29AFB28EE725900820505 = {
						CreatedOnToolsVersion = 14.1;
						TestTargetID = 40C29AEB28EE725800820505;
					};
					40C29B0528EE725900820505 = {
						CreatedOnToolsVersion = 14.1;
						TestTargetID = 40C29AEB28EE725800820505;
					};
				};
			};
			buildConfigurationList = 40C29AE728EE725800820505 /* Build configuration list for PBXProject "FadingScrollerDemo" */;
			compatibilityVersion = "Xcode 14.0";
			developmentRegion = en;
			hasScannedForEncodings = 0;
			knownRegions = (
				en,
				Base,
			);
			mainGroup = 40C29AE328EE725800820505;
			productRefGroup = 40C29AED28EE725800820505 /* Products */;
			projectDirPath = "";
			projectRoot = "";
			targets = (
				40C29AEB28EE725800820505 /* FadingScrollerDemo */,
				40C29AFB28EE725900820505 /* FadingScrollerDemoTests */,
				40C29B0528EE725900820505 /* FadingScrollerDemoUITests */,
			);
		};
/* End PBXProject section */

/* Begin PBXResourcesBuildPhase section */
		40C29AEA28EE725800820505 /* Resources */ = {
			isa = PBXResourcesBuildPhase;
			buildActionMask = 2147483647;
			files = (
				40C29AF728EE725900820505 /* Preview Assets.xcassets in Resources */,
				40C29AF428EE725900820505 /* Assets.xcassets in Resources */,
			);
			runOnlyForDeploymentPostprocessing = 0;
		};
		40C29AFA28EE725900820505 /* Resources */ = {
			isa = PBXResourcesBuildPhase;
			buildActionMask = 2147483647;
			files = (
			);
			runOnlyForDeploymentPostprocessing = 0;
		};
		40C29B0428EE725900820505 /* Resources */ = {
			isa = PBXResourcesBuildPhase;
			buildActionMask = 2147483647;
			files = (
			);
			runOnlyForDeploymentPostprocessing = 0;
		};
/* End PBXResourcesBuildPhase section */

/* Begin PBXSourcesBuildPhase section */
		40C29AE828EE725800820505 /* Sources */ = {
			isa = PBXSourcesBuildPhase;
			buildActionMask = 2147483647;
			files = (
				40C29AF228EE725800820505 /* ContentView.swift in Sources */,
				40C29AF028EE725800820505 /* FadingScrollerDemoApp.swift in Sources */,
			);
			runOnlyForDeploymentPostprocessing = 0;
		};
		40C29AF828EE725900820505 /* Sources */ = {
			isa = PBXSourcesBuildPhase;
			buildActionMask = 2147483647;
			files = (
				40C29B0128EE725900820505 /* FadingScrollerDemoTests.swift in Sources */,
			);
			runOnlyForDeploymentPostprocessing = 0;
		};
		40C29B0228EE725900820505 /* Sources */ = {
			isa = PBXSourcesBuildPhase;
			buildActionMask = 2147483647;
			files = (
				40C29B0D28EE725900820505 /* FadingScrollerDemoUITestsLaunchTests.swift in Sources */,
				40C29B0B28EE725900820505 /* FadingScrollerDemoUITests.swift in Sources */,
			);
			runOnlyForDeploymentPostprocessing = 0;
		};
/* End PBXSourcesBuildPhase section */

/* Begin PBXTargetDependency section */
		40C29AFE28EE725900820505 /* PBXTargetDependency */ = {
			isa = PBXTargetDependency;
			target = 40C29AEB28EE725800820505 /* FadingScrollerDemo */;
			targetProxy = 40C29AFD28EE725900820505 /* PBXContainerItemProxy */;
		};
		40C29B0828EE725900820505 /* PBXTargetDependency */ = {
			isa = PBXTargetDependency;
			target = 40C29AEB28EE725800820505 /* FadingScrollerDemo */;
			targetProxy = 40C29B0728EE725900820505 /* PBXContainerItemProxy */;
		};
/* End PBXTargetDependency section */

/* Begin XCBuildConfiguration section */
		40C29B0E28EE725900820505 /* Debug */ = {
			isa = XCBuildConfiguration;
			buildSettings = {
				ALWAYS_SEARCH_USER_PATHS = NO;
				CLANG_ANALYZER_NONNULL = YES;
				CLANG_ANALYZER_NUMBER_OBJECT_CONVERSION = YES_AGGRESSIVE;
				CLANG_CXX_LANGUAGE_STANDARD = "gnu++20";
				CLANG_ENABLE_MODULES = YES;
				CLANG_ENABLE_OBJC_ARC = YES;
				CLANG_ENABLE_OBJC_WEAK = YES;
				CLANG_WARN_BLOCK_CAPTURE_AUTORELEASING = YES;
				CLANG_WARN_BOOL_CONVERSION = YES;
				CLANG_WARN_COMMA = YES;
				CLANG_WARN_CONSTANT_CONVERSION = YES;
				CLANG_WARN_DEPRECATED_OBJC_IMPLEMENTATIONS = YES;
				CLANG_WARN_DIRECT_OBJC_ISA_USAGE = YES_ERROR;
				CLANG_WARN_DOCUMENTATION_COMMENTS = YES;
				CLANG_WARN_EMPTY_BODY = YES;
				CLANG_WARN_ENUM_CONVERSION = YES;
				CLANG_WARN_INFINITE_RECURSION = YES;
				CLANG_WARN_INT_CONVERSION = YES;
				CLANG_WARN_NON_LITERAL_NULL_CONVERSION = YES;
				CLANG_WARN_OBJC_IMPLICIT_RETAIN_SELF = YES;
				CLANG_WARN_OBJC_LITERAL_CONVERSION = YES;
				CLANG_WARN_OBJC_ROOT_CLASS = YES_ERROR;
				CLANG_WARN_QUOTED_INCLUDE_IN_FRAMEWORK_HEADER = YES;
				CLANG_WARN_RANGE_LOOP_ANALYSIS = YES;
				CLANG_WARN_STRICT_PROTOTYPES = YES;
				CLANG_WARN_SUSPICIOUS_MOVE = YES;
				CLANG_WARN_UNGUARDED_AVAILABILITY = YES_AGGRESSIVE;
				CLANG_WARN_UNREACHABLE_CODE = YES;
				CLANG_WARN__DUPLICATE_METHOD_MATCH = YES;
				COPY_PHASE_STRIP = NO;
				DEBUG_INFORMATION_FORMAT = dwarf;
				ENABLE_STRICT_OBJC_MSGSEND = YES;
				ENABLE_TESTABILITY = YES;
				GCC_C_LANGUAGE_STANDARD = gnu11;
				GCC_DYNAMIC_NO_PIC = NO;
				GCC_NO_COMMON_BLOCKS = YES;
				GCC_OPTIMIZATION_LEVEL = 0;
				GCC_PREPROCESSOR_DEFINITIONS = (
					"DEBUG=1",
					"$(inherited)",
				);
				GCC_WARN_64_TO_32_BIT_CONVERSION = YES;
				GCC_WARN_ABOUT_RETURN_TYPE = YES_ERROR;
				GCC_WARN_UNDECLARED_SELECTOR = YES;
				GCC_WARN_UNINITIALIZED_AUTOS = YES_AGGRESSIVE;
				GCC_WARN_UNUSED_FUNCTION = YES;
				GCC_WARN_UNUSED_VARIABLE = YES;
				IPHONEOS_DEPLOYMENT_TARGET = 16.1;
				MTL_ENABLE_DEBUG_INFO = INCLUDE_SOURCE;
				MTL_FAST_MATH = YES;
				ONLY_ACTIVE_ARCH = YES;
				SDKROOT = iphoneos;
				SWIFT_ACTIVE_COMPILATION_CONDITIONS = DEBUG;
				SWIFT_OPTIMIZATION_LEVEL = "-Onone";
			};
			name = Debug;
		};
		40C29B0F28EE725900820505 /* Release */ = {
			isa = XCBuildConfiguration;
			buildSettings = {
				ALWAYS_SEARCH_USER_PATHS = NO;
				CLANG_ANALYZER_NONNULL = YES;
				CLANG_ANALYZER_NUMBER_OBJECT_CONVERSION = YES_AGGRESSIVE;
				CLANG_CXX_LANGUAGE_STANDARD = "gnu++20";
				CLANG_ENABLE_MODULES = YES;
				CLANG_ENABLE_OBJC_ARC = YES;
				CLANG_ENABLE_OBJC_WEAK = YES;
				CLANG_WARN_BLOCK_CAPTURE_AUTORELEASING = YES;
				CLANG_WARN_BOOL_CONVERSION = YES;
				CLANG_WARN_COMMA = YES;
				CLANG_WARN_CONSTANT_CONVERSION = YES;
				CLANG_WARN_DEPRECATED_OBJC_IMPLEMENTATIONS = YES;
				CLANG_WARN_DIRECT_OBJC_ISA_USAGE = YES_ERROR;
				CLANG_WARN_DOCUMENTATION_COMMENTS = YES;
				CLANG_WARN_EMPTY_BODY = YES;
				CLANG_WARN_ENUM_CONVERSION = YES;
				CLANG_WARN_INFINITE_RECURSION = YES;
				CLANG_WARN_INT_CONVERSION = YES;
				CLANG_WARN_NON_LITERAL_NULL_CONVERSION = YES;
				CLANG_WARN_OBJC_IMPLICIT_RETAIN_SELF = YES;
				CLANG_WARN_OBJC_LITERAL_CONVERSION = YES;
				CLANG_WARN_OBJC_ROOT_CLASS = YES_ERROR;
				CLANG_WARN_QUOTED_INCLUDE_IN_FRAMEWORK_HEADER = YES;
				CLANG_WARN_RANGE_LOOP_ANALYSIS = YES;
				CLANG_WARN_STRICT_PROTOTYPES = YES;
				CLANG_WARN_SUSPICIOUS_MOVE = YES;
				CLANG_WARN_UNGUARDED_AVAILABILITY = YES_AGGRESSIVE;
				CLANG_WARN_UNREACHABLE_CODE = YES;
				CLANG_WARN__DUPLICATE_METHOD_MATCH = YES;
				COPY_PHASE_STRIP = NO;
				DEBUG_INFORMATION_FORMAT = "dwarf-with-dsym";
				ENABLE_NS_ASSERTIONS = NO;
				ENABLE_STRICT_OBJC_MSGSEND = YES;
				GCC_C_LANGUAGE_STANDARD = gnu11;
				GCC_NO_COMMON_BLOCKS = YES;
				GCC_WARN_64_TO_32_BIT_CONVERSION = YES;
				GCC_WARN_ABOUT_RETURN_TYPE = YES_ERROR;
				GCC_WARN_UNDECLARED_SELECTOR = YES;
				GCC_WARN_UNINITIALIZED_AUTOS = YES_AGGRESSIVE;
				GCC_WARN_UNUSED_FUNCTION = YES;
				GCC_WARN_UNUSED_VARIABLE = YES;
				IPHONEOS_DEPLOYMENT_TARGET = 16.1;
				MTL_ENABLE_DEBUG_INFO = NO;
				MTL_FAST_MATH = YES;
				SDKROOT = iphoneos;
				SWIFT_COMPILATION_MODE = wholemodule;
				SWIFT_OPTIMIZATION_LEVEL = "-O";
				VALIDATE_PRODUCT = YES;
			};
			name = Release;
		};
		40C29B1128EE725900820505 /* Debug */ = {
			isa = XCBuildConfiguration;
			buildSettings = {
				ASSETCATALOG_COMPILER_APPICON_NAME = AppIcon;
				ASSETCATALOG_COMPILER_GLOBAL_ACCENT_COLOR_NAME = AccentColor;
				CODE_SIGN_STYLE = Automatic;
				CURRENT_PROJECT_VERSION = 1;
				DEVELOPMENT_ASSET_PATHS = "\"FadingScrollerDemo/Preview Content\"";
				DEVELOPMENT_TEAM = L4N82R5CV4;
				ENABLE_PREVIEWS = YES;
				GENERATE_INFOPLIST_FILE = YES;
				INFOPLIST_KEY_UIApplicationSceneManifest_Generation = YES;
				INFOPLIST_KEY_UIApplicationSupportsIndirectInputEvents = YES;
				INFOPLIST_KEY_UILaunchScreen_Generation = YES;
				INFOPLIST_KEY_UISupportedInterfaceOrientations_iPad = "UIInterfaceOrientationPortrait UIInterfaceOrientationPortraitUpsideDown UIInterfaceOrientationLandscapeLeft UIInterfaceOrientationLandscapeRight";
				INFOPLIST_KEY_UISupportedInterfaceOrientations_iPhone = "UIInterfaceOrientationPortrait UIInterfaceOrientationLandscapeLeft UIInterfaceOrientationLandscapeRight";
				LD_RUNPATH_SEARCH_PATHS = (
					"$(inherited)",
					"@executable_path/Frameworks",
				);
				MARKETING_VERSION = 1.0;
				PRODUCT_BUNDLE_IDENTIFIER = com.newWaveDigital.FadingScrollerDemo;
				PRODUCT_NAME = "$(TARGET_NAME)";
				SWIFT_EMIT_LOC_STRINGS = YES;
				SWIFT_VERSION = 5.0;
				TARGETED_DEVICE_FAMILY = "1,2";
			};
			name = Debug;
		};
		40C29B1228EE725900820505 /* Release */ = {
			isa = XCBuildConfiguration;
			buildSettings = {
				ASSETCATALOG_COMPILER_APPICON_NAME = AppIcon;
				ASSETCATALOG_COMPILER_GLOBAL_ACCENT_COLOR_NAME = AccentColor;
				CODE_SIGN_STYLE = Automatic;
				CURRENT_PROJECT_VERSION = 1;
				DEVELOPMENT_ASSET_PATHS = "\"FadingScrollerDemo/Preview Content\"";
				DEVELOPMENT_TEAM = L4N82R5CV4;
				ENABLE_PREVIEWS = YES;
				GENERATE_INFOPLIST_FILE = YES;
				INFOPLIST_KEY_UIApplicationSceneManifest_Generation = YES;
				INFOPLIST_KEY_UIApplicationSupportsIndirectInputEvents = YES;
				INFOPLIST_KEY_UILaunchScreen_Generation = YES;
				INFOPLIST_KEY_UISupportedInterfaceOrientations_iPad = "UIInterfaceOrientationPortrait UIInterfaceOrientationPortraitUpsideDown UIInterfaceOrientationLandscapeLeft UIInterfaceOrientationLandscapeRight";
				INFOPLIST_KEY_UISupportedInterfaceOrientations_iPhone = "UIInterfaceOrientationPortrait UIInterfaceOrientationLandscapeLeft UIInterfaceOrientationLandscapeRight";
				LD_RUNPATH_SEARCH_PATHS = (
					"$(inherited)",
					"@executable_path/Frameworks",
				);
				MARKETING_VERSION = 1.0;
				PRODUCT_BUNDLE_IDENTIFIER = com.newWaveDigital.FadingScrollerDemo;
				PRODUCT_NAME = "$(TARGET_NAME)";
				SWIFT_EMIT_LOC_STRINGS = YES;
				SWIFT_VERSION = 5.0;
				TARGETED_DEVICE_FAMILY = "1,2";
			};
			name = Release;
		};
		40C29B1428EE725900820505 /* Debug */ = {
			isa = XCBuildConfiguration;
			buildSettings = {
				ALWAYS_EMBED_SWIFT_STANDARD_LIBRARIES = YES;
				BUNDLE_LOADER = "$(TEST_HOST)";
				CODE_SIGN_STYLE = Automatic;
				CURRENT_PROJECT_VERSION = 1;
				DEVELOPMENT_TEAM = L4N82R5CV4;
				GENERATE_INFOPLIST_FILE = YES;
				IPHONEOS_DEPLOYMENT_TARGET = 16.1;
				MARKETING_VERSION = 1.0;
				PRODUCT_BUNDLE_IDENTIFIER = com.newWaveDigital.FadingScrollerDemoTests;
				PRODUCT_NAME = "$(TARGET_NAME)";
				SWIFT_EMIT_LOC_STRINGS = NO;
				SWIFT_VERSION = 5.0;
				TARGETED_DEVICE_FAMILY = "1,2";
				TEST_HOST = "$(BUILT_PRODUCTS_DIR)/FadingScrollerDemo.app/$(BUNDLE_EXECUTABLE_FOLDER_PATH)/FadingScrollerDemo";
			};
			name = Debug;
		};
		40C29B1528EE725900820505 /* Release */ = {
			isa = XCBuildConfiguration;
			buildSettings = {
				ALWAYS_EMBED_SWIFT_STANDARD_LIBRARIES = YES;
				BUNDLE_LOADER = "$(TEST_HOST)";
				CODE_SIGN_STYLE = Automatic;
				CURRENT_PROJECT_VERSION = 1;
				DEVELOPMENT_TEAM = L4N82R5CV4;
				GENERATE_INFOPLIST_FILE = YES;
				IPHONEOS_DEPLOYMENT_TARGET = 16.1;
				MARKETING_VERSION = 1.0;
				PRODUCT_BUNDLE_IDENTIFIER = com.newWaveDigital.FadingScrollerDemoTests;
				PRODUCT_NAME = "$(TARGET_NAME)";
				SWIFT_EMIT_LOC_STRINGS = NO;
				SWIFT_VERSION = 5.0;
				TARGETED_DEVICE_FAMILY = "1,2";
				TEST_HOST = "$(BUILT_PRODUCTS_DIR)/FadingScrollerDemo.app/$(BUNDLE_EXECUTABLE_FOLDER_PATH)/FadingScrollerDemo";
			};
			name = Release;
		};
		40C29B1728EE725900820505 /* Debug */ = {
			isa = XCBuildConfiguration;
			buildSettings = {
				ALWAYS_EMBED_SWIFT_STANDARD_LIBRARIES = YES;
				CODE_SIGN_STYLE = Automatic;
				CURRENT_PROJECT_VERSION = 1;
				DEVELOPMENT_TEAM = L4N82R5CV4;
				GENERATE_INFOPLIST_FILE = YES;
				MARKETING_VERSION = 1.0;
				PRODUCT_BUNDLE_IDENTIFIER = com.newWaveDigital.FadingScrollerDemoUITests;
				PRODUCT_NAME = "$(TARGET_NAME)";
				SWIFT_EMIT_LOC_STRINGS = NO;
				SWIFT_VERSION = 5.0;
				TARGETED_DEVICE_FAMILY = "1,2";
				TEST_TARGET_NAME = FadingScrollerDemo;
			};
			name = Debug;
		};
		40C29B1828EE725900820505 /* Release */ = {
			isa = XCBuildConfiguration;
			buildSettings = {
				ALWAYS_EMBED_SWIFT_STANDARD_LIBRARIES = YES;
				CODE_SIGN_STYLE = Automatic;
				CURRENT_PROJECT_VERSION = 1;
				DEVELOPMENT_TEAM = L4N82R5CV4;
				GENERATE_INFOPLIST_FILE = YES;
				MARKETING_VERSION = 1.0;
				PRODUCT_BUNDLE_IDENTIFIER = com.newWaveDigital.FadingScrollerDemoUITests;
				PRODUCT_NAME = "$(TARGET_NAME)";
				SWIFT_EMIT_LOC_STRINGS = NO;
				SWIFT_VERSION = 5.0;
				TARGETED_DEVICE_FAMILY = "1,2";
				TEST_TARGET_NAME = FadingScrollerDemo;
			};
			name = Release;
		};
/* End XCBuildConfiguration section */

/* Begin XCConfigurationList section */
		40C29AE728EE725800820505 /* Build configuration list for PBXProject "FadingScrollerDemo" */ = {
			isa = XCConfigurationList;
			buildConfigurations = (
				40C29B0E28EE725900820505 /* Debug */,
				40C29B0F28EE725900820505 /* Release */,
			);
			defaultConfigurationIsVisible = 0;
			defaultConfigurationName = Release;
		};
		40C29B1028EE725900820505 /* Build configuration list for PBXNativeTarget "FadingScrollerDemo" */ = {
			isa = XCConfigurationList;
			buildConfigurations = (
				40C29B1128EE725900820505 /* Debug */,
				40C29B1228EE725900820505 /* Release */,
			);
			defaultConfigurationIsVisible = 0;
			defaultConfigurationName = Release;
		};
		40C29B1328EE725900820505 /* Build configuration list for PBXNativeTarget "FadingScrollerDemoTests" */ = {
			isa = XCConfigurationList;
			buildConfigurations = (
				40C29B1428EE725900820505 /* Debug */,
				40C29B1528EE725900820505 /* Release */,
			);
			defaultConfigurationIsVisible = 0;
			defaultConfigurationName = Release;
		};
		40C29B1628EE725900820505 /* Build configuration list for PBXNativeTarget "FadingScrollerDemoUITests" */ = {
			isa = XCConfigurationList;
			buildConfigurations = (
				40C29B1728EE725900820505 /* Debug */,
				40C29B1828EE725900820505 /* Release */,
			);
			defaultConfigurationIsVisible = 0;
			defaultConfigurationName = Release;
		};
/* End XCConfigurationList section */
	};
	rootObject = 40C29AE428EE725800820505 /* Project object */;
}
